
Microsoft Visual Studio Solution File, Format Version 12.00
Project("{FAE04EC0-301F-11D3-BF4B-00C04F79EFBC}") = "Opgave af jacop", "Opgave af jacop\Opgave af jacop.csproj", "{A196584E-006C-4DD0-963F-65D9CCAC1180}"
EndProject
Global
	GlobalSection(SolutionConfigurationPlatforms) = preSolution
		Debug|Any CPU = Debug|Any CPU
		Release|Any CPU = Release|Any CPU
	EndGlobalSection
	GlobalSection(ProjectConfigurationPlatforms) = postSolution
		{A196584E-006C-4DD0-963F-65D9CCAC1180}.Debug|Any CPU.ActiveCfg = Debug|Any CPU
		{A196584E-006C-4DD0-963F-65D9CCAC1180}.Debug|Any CPU.Build.0 = Debug|Any CPU
		{A196584E-006C-4DD0-963F-65D9CCAC1180}.Release|Any CPU.ActiveCfg = Release|Any CPU
		{A196584E-006C-4DD0-963F-65D9CCAC1180}.Release|Any CPU.Build.0 = Release|Any CPU
	EndGlobalSection
EndGlobal
